
Microsoft Visual Studio Solution File, Format Version 12.00
# Visual Studio Version 17
VisualStudioVersion = 17.4.33213.308
MinimumVisualStudioVersion = 10.0.40219.1
Project("{FAE04EC0-301F-11D3-BF4B-00C04F79EFBC}") = "Peyk", "Peyk\Peyk.csproj", "{D2154356-1F92-4D29-BD7A-266BF3124658}"
EndProject
Global
	GlobalSection(SolutionConfigurationPlatforms) = preSolution
		Debug|Any CPU = Debug|Any CPU
		Release|Any CPU = Release|Any CPU
	EndGlobalSection
	GlobalSection(ProjectConfigurationPlatforms) = postSolution
		{D2154356-1F92-4D29-BD7A-266BF3124658}.Debug|Any CPU.ActiveCfg = Debug|Any CPU
		{D2154356-1F92-4D29-BD7A-266BF3124658}.Debug|Any CPU.Build.0 = Debug|Any CPU
		{D2154356-1F92-4D29-BD7A-266BF3124658}.Release|Any CPU.ActiveCfg = Release|Any CPU
		{D2154356-1F92-4D29-BD7A-266BF3124658}.Release|Any CPU.Build.0 = Release|Any CPU
	EndGlobalSection
	GlobalSection(SolutionProperties) = preSolution
		HideSolutionNode = FALSE
	EndGlobalSection
	GlobalSection(ExtensibilityGlobals) = postSolution
		SolutionGuid = {B8D66BA5-32BB-4410-BC09-987FA40704C5}
	EndGlobalSection
EndGlobal
